{"is_source_file": false, "format": "", "description": "", "external_files": [], "external_methods": [], "published": [], "classes": [], "methods": [], "calls": [], "search-terms": [], "state": 2, "file_id": 17, "knowledge_revision": 32, "git_revision": "335dbaa9ff1d79760399eed2b3de3b49ad97da85", "filename": "/home/kavia/workspace/code-generation/tictactoe-classic-96874-96879/tic_tac_toe/post_process_status.lock", "hash": "9c4ed7ef73e22b872b8055bec08b8979", "format-version": 4, "code-base-name": "default", "revision_history": [{"32": "335dbaa9ff1d79760399eed2b3de3b49ad97da85"}]}