{"is_source_file": false, "format": "", "description": "", "external_files": [], "external_methods": [], "published": [], "classes": [], "methods": [], "calls": [], "search-terms": [], "state": 2, "file_id": 27, "knowledge_revision": 55, "git_revision": "b5c377db3874661ab8a56f529fce64c443665d40", "filename": "/home/kavia/workspace/code-generation/tictactoe-classic-96874-96879/tic_tac_toe/post_process_status.lock", "hash": "e9b4c3b42cef0193b7fddb548d37e652", "format-version": 4, "code-base-name": "default", "revision_history": [{"55": "b5c377db3874661ab8a56f529fce64c443665d40"}]}